# THIS IS AN AUTOGENERATED FILE. DO NOT EDIT THIS FILE DIRECTLY.
# yarn lockfile v1


base-x@3.0.4:
  version "3.0.4"
  resolved "https://registry.yarnpkg.com/base-x/-/base-x-3.0.4.tgz#94c1788736da065edb1d68808869e357c977fa77"
  integrity sha512-UYOadoSIkEI/VrRGSG6qp93rp2WdokiAiNYDfGW5qURAY8GiAQkvMbwNNSDYiVJopqv4gCna7xqf4rrNGp+5AA==
  dependencies:
    safe-buffer "^5.0.1"

base-x@^3.0.2:
  version "3.0.7"
  resolved "https://registry.yarnpkg.com/base-x/-/base-x-3.0.7.tgz#1c5a7fafe8f66b4114063e8da102799d4e7c408f"
  integrity sha512-zAKJGuQPihXW22fkrfOclUUZXM2g92z5GzlSMHxhO6r6Qj+Nm0ccaGNBzDZojzwOMkpjAv4J0fOv1U4go+a4iw==
  dependencies:
    safe-buffer "^5.0.1"

bs58@^4.0.1:
  version "4.0.1"
  resolved "https://registry.yarnpkg.com/bs58/-/bs58-4.0.1.tgz#be161e76c354f6f788ae4071f63f34e8c4f0a42a"
  integrity sha1-vhYedsNU9veIrkBx9j806MTwpCo=
  dependencies:
    base-x "^3.0.2"

cids@~0.7.1:
  version "0.7.1"
  resolved "https://registry.yarnpkg.com/cids/-/cids-0.7.1.tgz#d8bba49a35a0e82110879b5001abf1039c62347f"
  integrity sha512-qEM4j2GKE/BiT6WdUi6cfW8dairhSLTUE8tIdxJG6SvY33Mp/UPjw+xcO0n1zsllgo72BupzKF/44v+Bg8YPPg==
  dependencies:
    class-is "^1.1.0"
    multibase "~0.6.0"
    multicodec "~0.5.1"
    multihashes "~0.4.14"

class-is@^1.1.0:
  version "1.1.0"
  resolved "https://registry.yarnpkg.com/class-is/-/class-is-1.1.0.tgz#9d3c0fba0440d211d843cec3dedfa48055005825"
  integrity sha512-rhjH9AG1fvabIDoGRVH587413LPjTZgmDF9fOFCbFJQV4yuocX1mHxxvXI4g3cGwbVY9wAYIoKlg1N79frJKQw==

hi-base32@~0.5.0:
  version "0.5.0"
  resolved "https://registry.yarnpkg.com/hi-base32/-/hi-base32-0.5.0.tgz#61329f76a31f31008533f1c36f2473e259d64571"
  integrity sha512-DDRmxSyoYuvjUb9EnXdoiMChBZ7ZcUVJsK5Frd3kqMhuBxvmZdnBeynAVfj7/ECbn++CekcoprvC/rprHPAtow==

ip-regex@^4.0.0:
  version "4.1.0"
  resolved "https://registry.yarnpkg.com/ip-regex/-/ip-regex-4.1.0.tgz#5ad62f685a14edb421abebc2fff8db94df67b455"
  integrity sha512-pKnZpbgCTfH/1NLIlOduP/V+WRXzC2MOz3Qo8xmxk8C5GudJLgK5QyLVXOSWy3ParAH7Eemurl3xjv/WXYFvMA==

ip@^1.1.5:
  version "1.1.5"
  resolved "https://registry.yarnpkg.com/ip/-/ip-1.1.5.tgz#bdded70114290828c0a039e72ef25f5aaec4354a"
  integrity sha1-vd7XARQpCCjAoDnnLvJfWq7ENUo=

is-ip@^3.1.0:
  version "3.1.0"
  resolved "https://registry.yarnpkg.com/is-ip/-/is-ip-3.1.0.tgz#2ae5ddfafaf05cb8008a62093cf29734f657c5d8"
  integrity sha512-35vd5necO7IitFPjd/YBeqwWnyDWbuLH9ZXQdMfDA8TEo7pv5X8yfrvVO3xbJbLUlERCMvf6X0hTUamQxCYJ9Q==
  dependencies:
    ip-regex "^4.0.0"

multiaddr@^7.2.1:
  version "7.2.1"
  resolved "https://registry.yarnpkg.com/multiaddr/-/multiaddr-7.2.1.tgz#f660e346dc6db1995c01aad87d6be43bf3c13ca6"
  integrity sha512-iJ372ZXoyw1xmRh3Cawej5l17TTs72jGHDjUHCDl16s3UFkkPQkWj90BDF8hw8xnBIG/JB3RAyHhkWKiuNfM5g==
  dependencies:
    bs58 "^4.0.1"
    cids "~0.7.1"
    class-is "^1.1.0"
    hi-base32 "~0.5.0"
    ip "^1.1.5"
    is-ip "^3.1.0"
    varint "^5.0.0"

multibase@~0.6.0:
  version "0.6.0"
  resolved "https://registry.yarnpkg.com/multibase/-/multibase-0.6.0.tgz#0216e350614c7456da5e8e5b20d3fcd4c9104f56"
  integrity sha512-R9bNLQhbD7MsitPm1NeY7w9sDgu6d7cuj25snAWH7k5PSNPSwIQQBpcpj8jx1W96dLbdigZqmUWOdQRMnAmgjA==
  dependencies:
    base-x "3.0.4"

multicodec@~0.5.1:
  version "0.5.6"
  resolved "https://registry.yarnpkg.com/multicodec/-/multicodec-0.5.6.tgz#fdf250b6febe57053221f0aeeb83e6cae073a05e"
  integrity sha512-YQthT12rnqyAosc+xSprD3JpmrfxXYABM9FEFw7oVxTonsWmIYng1iIppqpIfGBFZ3YKMgJKx6UTREuv91EcKw==
  dependencies:
    varint "^5.0.0"

multihashes@~0.4.14:
  version "0.4.15"
  resolved "https://registry.yarnpkg.com/multihashes/-/multihashes-0.4.15.tgz#6dbc55f7f312c6782f5367c03c9783681589d8a6"
  integrity sha512-G/Smj1GWqw1RQP3dRuRRPe3oyLqvPqUaEDIaoi7JF7Loxl4WAWvhJNk84oyDEodSucv0MmSW/ZT0RKUrsIFD3g==
  dependencies:
    bs58 "^4.0.1"
    varint "^5.0.0"

safe-buffer@^5.0.1:
  version "5.2.0"
  resolved "https://registry.yarnpkg.com/safe-buffer/-/safe-buffer-5.2.0.tgz#b74daec49b1148f88c64b68d49b1e815c1f2f519"
  integrity sha512-fZEwUGbVl7kouZs1jCdMLdt95hdIv0ZeHg6L7qPeciMZhZ+/gdesW4wgTARkrFWEpspjEATAzUGPG8N2jJiwbg==

varint@^5.0.0:
  version "5.0.0"
  resolved "https://registry.yarnpkg.com/varint/-/varint-5.0.0.tgz#d826b89f7490732fabc0c0ed693ed475dcb29ebf"
  integrity sha1-2Ca4n3SQcy+rwMDtaT7Uddyynr8=
